
Microsoft Visual Studio Solution File, Format Version 12.00
# Visual Studio Version 17
VisualStudioVersion = 17.3.32825.248
MinimumVisualStudioVersion = 10.0.40219.1
Project("{9A19103F-16F7-4668-BE54-9A1E7A4F7556}") = "Gudgeon", "Gudgeon\Gudgeon.csproj", "{130930EC-8A27-4CA9-82E6-DF82AF5EB91F}"
EndProject
Project("{2150E333-8FDC-42A3-9474-1A3956D46DE8}") = "Solution Items", "Solution Items", "{AFC5E3C3-3875-4436-B5F7-728935D57AA7}"
	ProjectSection(SolutionItems) = preProject
		.editorconfig = .editorconfig
	EndProjectSection
EndProject
Global
	GlobalSection(SolutionConfigurationPlatforms) = preSolution
		Debug|Any CPU = Debug|Any CPU
		Release|Any CPU = Release|Any CPU
	EndGlobalSection
	GlobalSection(ProjectConfigurationPlatforms) = postSolution
		{130930EC-8A27-4CA9-82E6-DF82AF5EB91F}.Debug|Any CPU.ActiveCfg = Debug|Any CPU
		{130930EC-8A27-4CA9-82E6-DF82AF5EB91F}.Debug|Any CPU.Build.0 = Debug|Any CPU
		{130930EC-8A27-4CA9-82E6-DF82AF5EB91F}.Release|Any CPU.ActiveCfg = Release|Any CPU
		{130930EC-8A27-4CA9-82E6-DF82AF5EB91F}.Release|Any CPU.Build.0 = Release|Any CPU
	EndGlobalSection
	GlobalSection(SolutionProperties) = preSolution
		HideSolutionNode = FALSE
	EndGlobalSection
	GlobalSection(ExtensibilityGlobals) = postSolution
		SolutionGuid = {61E675F7-9E42-4C17-BB56-356464EF809A}
	EndGlobalSection
EndGlobal
